// !$*UTF8*$!
{
  archiveVersion = 1; classes = {}; objectVersion = 56;
  objects = {
    23159A28DB52604FFB4B637E = { isa = PBXFileReference; lastKnownFileType = sourcecode.c.h; path = "app/Compat/TouchPointer.h"; sourceTree = SOURCE_ROOT; };
    E0D6592C11ABEAE73FC8FB21 = { isa = PBXFileReference; lastKnownFileType = sourcecode.c.h; path = "app/Compat/GameContext.h"; sourceTree = SOURCE_ROOT; };
    A4A263435FE7DD459CF3F20D = { isa = PBXFileReference; lastKnownFileType = sourcecode.c.c; path = "app/Compat/GameContext.c"; sourceTree = SOURCE_ROOT; };
    456E5C25B48FC4B046726709 = { isa = PBXFileReference; lastKnownFileType = sourcecode.c.objc; path = "app/Host/main.m"; sourceTree = SOURCE_ROOT; };
    1E8B9B72F7A2C9C2850568B8 = { isa = PBXFileReference; lastKnownFileType = sourcecode.c.objc; path = "app/Host/GameLauncher.m"; sourceTree = SOURCE_ROOT; };
    C238E104109431ACF2D9082A = { isa = PBXFileReference; lastKnownFileType = sourcecode.c.objc; path = "app/Host/SDLCheck.m"; sourceTree = SOURCE_ROOT; };
    24A2C3ADAA67FFE4A6E33FBB = { isa = PBXFileReference; lastKnownFileType = sourcecode.c.objc; path = "app/Host/ResourceCheck.m"; sourceTree = SOURCE_ROOT; };
    3E3169F4A9B52723001F4554 = { isa = PBXFileReference; lastKnownFileType = sourcecode.c.h; path = "app/Host/GameLauncher.h"; sourceTree = SOURCE_ROOT; };
    7E5BE2ED678C39EBB0FBE773 = { isa = PBXFileReference; lastKnownFileType = sourcecode.c.h; path = "app/Host/SDLCheck.h"; sourceTree = SOURCE_ROOT; };
    5411C24FAAF8468382DC9A9C = { isa = PBXFileReference; lastKnownFileType = sourcecode.c.h; path = "app/Host/ResourceCheck.h"; sourceTree = SOURCE_ROOT; };
    97BDA1A0ED3B5B21A451C1B4 = { isa = PBXFileReference; lastKnownFileType = text.plist.xml; path = "app/Host/Info.plist"; sourceTree = SOURCE_ROOT; };
    F906C09FD13B845036E2F5B2 = { isa = PBXFileReference; lastKnownFileType = text.plist.xml; path = "app/Host/Memory.entitlements"; sourceTree = SOURCE_ROOT; };
    37A29F9EA489388A395237B8 = { isa = PBXBuildFile; fileRef = 456E5C25B48FC4B046726709; };
    CFEFB06E5594FDFD72926964 = { isa = PBXBuildFile; fileRef = 1E8B9B72F7A2C9C2850568B8; };
    E21E5C15F4D1893C93D4A5FF = { isa = PBXBuildFile; fileRef = C238E104109431ACF2D9082A; };
    3F858D5B41096CB4C6813B9D = { isa = PBXBuildFile; fileRef = 24A2C3ADAA67FFE4A6E33FBB; };
    E3471C6F3BFAACD51B31ED11 = { isa = PBXFileReference; lastKnownFileType = sourcecode.c.objc; path = "app/Compat/Application.m"; sourceTree = SOURCE_ROOT; };
    5613708432E9F39FFCE5FEB1 = { isa = PBXFileReference; lastKnownFileType = sourcecode.c.objc; path = "app/Compat/Displays.m"; sourceTree = SOURCE_ROOT; };
    B2925646534FB40F93A444BE = { isa = PBXFileReference; lastKnownFileType = sourcecode.c.c; path = "app/Compat/FileDiagnostics.c"; sourceTree = SOURCE_ROOT; };
    034C1AE3F19B9072B4BA709E = { isa = PBXFileReference; lastKnownFileType = sourcecode.c.objc; path = "app/Compat/MenuControls.m"; sourceTree = SOURCE_ROOT; };
    CDAA09C00A9793CB1496BA2B = { isa = PBXFileReference; lastKnownFileType = sourcecode.c.objc; path = "app/Compat/MetalDeviceInfo.m"; sourceTree = SOURCE_ROOT; };
    C6FAC9CCC3FB712DB8B57CA7 = { isa = PBXFileReference; lastKnownFileType = sourcecode.c.objc; path = "app/Compat/MetalPresentation.m"; sourceTree = SOURCE_ROOT; };
    98C73A41C7808B70FFFE2347 = { isa = PBXFileReference; lastKnownFileType = sourcecode.c.h; path = "app/Compat/SDL2264Indices.h"; sourceTree = SOURCE_ROOT; };
    E61FF7A4B1D56957859838F2 = { isa = PBXFileReference; lastKnownFileType = sourcecode.c.h; path = "app/Compat/SDL2264Names.inc"; sourceTree = SOURCE_ROOT; };
    8746F97A7784432FD65D7CA9 = { isa = PBXFileReference; lastKnownFileType = sourcecode.c.objc; path = "app/Compat/SDLBridge.m"; sourceTree = SOURCE_ROOT; };
    366F7C7683288A7D703B8390 = { isa = PBXFileReference; lastKnownFileType = sourcecode.c.h; path = "app/Compat/TouchInput.h"; sourceTree = SOURCE_ROOT; };
    18E93383257893CA027A7A47 = { isa = PBXFileReference; lastKnownFileType = sourcecode.c.objc; path = "app/Compat/TouchInput.m"; sourceTree = SOURCE_ROOT; };
    81AE551F79F6A13E6AE83795 = { isa = PBXFileReference; lastKnownFileType = wrapper.framework; path = "build/Vendor/SDL2.framework"; sourceTree = SOURCE_ROOT; };
    61885C11481F2F74B3D419FC = { isa = PBXBuildFile; fileRef = 81AE551F79F6A13E6AE83795; settings = { ATTRIBUTES = (CodeSignOnCopy,RemoveHeadersOnCopy,); }; };
    262C8C05FDDC63C7230E2FF5 = { isa = PBXFileReference; lastKnownFileType = wrapper.framework; path = "build/Vendor/SDLBridge.framework"; sourceTree = SOURCE_ROOT; };
    99E1B6D178FABFD156520DD1 = { isa = PBXBuildFile; fileRef = 262C8C05FDDC63C7230E2FF5; settings = { ATTRIBUTES = (CodeSignOnCopy,RemoveHeadersOnCopy,); }; };
    4F273294578AB4A7FAD91767 = { isa = PBXFileReference; lastKnownFileType = wrapper.framework; path = "build/Vendor/MacCompat.framework"; sourceTree = SOURCE_ROOT; };
    2311AB1A978D1FBF1F26367E = { isa = PBXBuildFile; fileRef = 4F273294578AB4A7FAD91767; settings = { ATTRIBUTES = (CodeSignOnCopy,RemoveHeadersOnCopy,); }; };
    361B66CEBED668DB5F954FC5 = { isa = PBXFileReference; lastKnownFileType = wrapper.framework; path = "build/Vendor/GameClient.framework"; sourceTree = SOURCE_ROOT; };
    F09FE71F666EB894613DC080 = { isa = PBXBuildFile; fileRef = 361B66CEBED668DB5F954FC5; settings = { ATTRIBUTES = (CodeSignOnCopy,RemoveHeadersOnCopy,); }; };
    3F60066F80CC36B3221DECD9 = { isa = PBXFileReference; lastKnownFileType = wrapper.framework; path = "build/Vendor/EOS.framework"; sourceTree = SOURCE_ROOT; };
    02814EE20EFC90E62DA060E3 = { isa = PBXBuildFile; fileRef = 3F60066F80CC36B3221DECD9; settings = { ATTRIBUTES = (CodeSignOnCopy,RemoveHeadersOnCopy,); }; };
    13B978192E0706225689319F = { isa = PBXFileReference; lastKnownFileType = wrapper.framework; path = "build/Vendor/SteamAPI.framework"; sourceTree = SOURCE_ROOT; };
    DE2C53FAB91E3A792F3FC4D1 = { isa = PBXBuildFile; fileRef = 13B978192E0706225689319F; settings = { ATTRIBUTES = (CodeSignOnCopy,RemoveHeadersOnCopy,); }; };
    BED837A7ED5077EFE2E53E94 = { isa = PBXFileReference; lastKnownFileType = wrapper.framework; path = "build/Vendor/CompatAppKit.framework"; sourceTree = SOURCE_ROOT; };
    C3D4DD0BAC2200849F66A93E = { isa = PBXBuildFile; fileRef = BED837A7ED5077EFE2E53E94; settings = { ATTRIBUTES = (CodeSignOnCopy,RemoveHeadersOnCopy,); }; };
    E093489339CC4474670A7D3B = { isa = PBXFileReference; lastKnownFileType = wrapper.framework; path = "build/Vendor/CompatAudioUnit.framework"; sourceTree = SOURCE_ROOT; };
    128744B516862A474F64E64E = { isa = PBXBuildFile; fileRef = E093489339CC4474670A7D3B; settings = { ATTRIBUTES = (CodeSignOnCopy,RemoveHeadersOnCopy,); }; };
    94B665B3A5EE628CAA312795 = { isa = PBXFileReference; lastKnownFileType = wrapper.framework; path = "build/Vendor/CompatCarbon.framework"; sourceTree = SOURCE_ROOT; };
    E7FCF16F6B6880991E523854 = { isa = PBXBuildFile; fileRef = 94B665B3A5EE628CAA312795; settings = { ATTRIBUTES = (CodeSignOnCopy,RemoveHeadersOnCopy,); }; };
    BC15457CCD89C7B6A823DC00 = { isa = PBXFileReference; lastKnownFileType = wrapper.framework; path = "build/Vendor/CompatCocoa.framework"; sourceTree = SOURCE_ROOT; };
    902CEA69D4027D3CC3D084E3 = { isa = PBXBuildFile; fileRef = BC15457CCD89C7B6A823DC00; settings = { ATTRIBUTES = (CodeSignOnCopy,RemoveHeadersOnCopy,); }; };
    6D5E416DFB905C262A4CC2D0 = { isa = PBXFileReference; lastKnownFileType = wrapper.framework; path = "build/Vendor/CompatCoreGraphics.framework"; sourceTree = SOURCE_ROOT; };
    7F2CB74105FA16F2672852EB = { isa = PBXBuildFile; fileRef = 6D5E416DFB905C262A4CC2D0; settings = { ATTRIBUTES = (CodeSignOnCopy,RemoveHeadersOnCopy,); }; };
    C04CD4B42C34C6EF2096D340 = { isa = PBXFileReference; lastKnownFileType = wrapper.framework; path = "build/Vendor/CompatCoreServices.framework"; sourceTree = SOURCE_ROOT; };
    FC460C5517A160E6684D120A = { isa = PBXBuildFile; fileRef = C04CD4B42C34C6EF2096D340; settings = { ATTRIBUTES = (CodeSignOnCopy,RemoveHeadersOnCopy,); }; };
    D08DBF7CCDE22B7B0132B767 = { isa = PBXFileReference; lastKnownFileType = wrapper.framework; path = "build/Vendor/CompatCoreVideo.framework"; sourceTree = SOURCE_ROOT; };
    0A7AFEB915ABAB8AB77D85A1 = { isa = PBXBuildFile; fileRef = D08DBF7CCDE22B7B0132B767; settings = { ATTRIBUTES = (CodeSignOnCopy,RemoveHeadersOnCopy,); }; };
    B6EF07115C669628D72715A5 = { isa = PBXFileReference; lastKnownFileType = wrapper.framework; path = "build/Vendor/CompatForceFeedback.framework"; sourceTree = SOURCE_ROOT; };
    8DD2FBEF7C4EB07A35F1DFBA = { isa = PBXBuildFile; fileRef = B6EF07115C669628D72715A5; settings = { ATTRIBUTES = (CodeSignOnCopy,RemoveHeadersOnCopy,); }; };
    408C3E244F58E93C95827656 = { isa = PBXFileReference; lastKnownFileType = wrapper.framework; path = "build/Vendor/CompatFoundation.framework"; sourceTree = SOURCE_ROOT; };
    4B5FB3B832B1FDAA52AB3997 = { isa = PBXBuildFile; fileRef = 408C3E244F58E93C95827656; settings = { ATTRIBUTES = (CodeSignOnCopy,RemoveHeadersOnCopy,); }; };
    EE800E1FE441B21BE571DB12 = { isa = PBXFileReference; lastKnownFileType = wrapper.framework; path = "build/Vendor/CompatIOKit.framework"; sourceTree = SOURCE_ROOT; };
    A35ADD192E581809509B9C4D = { isa = PBXBuildFile; fileRef = EE800E1FE441B21BE571DB12; settings = { ATTRIBUTES = (CodeSignOnCopy,RemoveHeadersOnCopy,); }; };
    1DE2B9C052E0B0516235CD3C = { isa = PBXFileReference; lastKnownFileType = wrapper.framework; path = "build/Vendor/CompatMetal.framework"; sourceTree = SOURCE_ROOT; };
    64BC744AAB073E000BD06496 = { isa = PBXBuildFile; fileRef = 1DE2B9C052E0B0516235CD3C; settings = { ATTRIBUTES = (CodeSignOnCopy,RemoveHeadersOnCopy,); }; };
    DED7295A508F88AD4E04CCF5 = { isa = PBXFileReference; lastKnownFileType = wrapper.framework; path = "build/Vendor/CompatSystem.framework"; sourceTree = SOURCE_ROOT; };
    1C88CDA013E141B476C2E0BA = { isa = PBXBuildFile; fileRef = DED7295A508F88AD4E04CCF5; settings = { ATTRIBUTES = (CodeSignOnCopy,RemoveHeadersOnCopy,); }; };
    83A08B5ED011CBCE062AFEB5 = { isa = PBXFileReference; lastKnownFileType = wrapper.framework; path = "System/Library/Frameworks/UIKit.framework"; sourceTree = SDKROOT; };
    0B5AE66A61874B2668A4ED4C = { isa = PBXBuildFile; fileRef = 83A08B5ED011CBCE062AFEB5; };
    EF4FF342C28ECF1B81000360 = { isa = PBXFileReference; lastKnownFileType = wrapper.framework; path = "System/Library/Frameworks/Metal.framework"; sourceTree = SDKROOT; };
    85535D3724446DBCE771D25F = { isa = PBXBuildFile; fileRef = EF4FF342C28ECF1B81000360; };
    F585A82DBE2A8806EE716C4A = { isa = PBXBuildFile; fileRef = 81AE551F79F6A13E6AE83795; };
    D742F0C53D7F7AEB7EFC993E = { isa = PBXFileReference; lastKnownFileType = text; path = "data/resources.json"; sourceTree = SOURCE_ROOT; };
    607760FE892D72506A2D4341 = { isa = PBXBuildFile; fileRef = D742F0C53D7F7AEB7EFC993E; };
    8E998837E3A71379A9FBA952 = { isa = PBXFileReference; lastKnownFileType = text; path = "third_party/SDL-LICENSE.txt"; sourceTree = SOURCE_ROOT; };
    8E9319830581B7C89393B96F = { isa = PBXBuildFile; fileRef = 8E998837E3A71379A9FBA952; };
    779A56CB45FF6FA817AB9B9F = { isa = PBXFileReference; lastKnownFileType = text.xcconfig; path = Config/Base.xcconfig; sourceTree = SOURCE_ROOT; };
    38A007151ABE87CC01A5B6E9 = { isa = PBXFileReference; explicitFileType = wrapper.application; path = SnowRunner.app; sourceTree = BUILT_PRODUCTS_DIR; };
    CA2AA052C1CC55872A3718D1 = { isa = PBXGroup; name = Host; children = (456E5C25B48FC4B046726709,1E8B9B72F7A2C9C2850568B8,C238E104109431ACF2D9082A,24A2C3ADAA67FFE4A6E33FBB,3E3169F4A9B52723001F4554,7E5BE2ED678C39EBB0FBE773,5411C24FAAF8468382DC9A9C,97BDA1A0ED3B5B21A451C1B4,F906C09FD13B845036E2F5B2,); sourceTree = "<group>"; };
    2E7D460B9B38E2552AC6350E = { isa = PBXGroup; name = Compatibility; children = (A4A263435FE7DD459CF3F20D,E0D6592C11ABEAE73FC8FB21,23159A28DB52604FFB4B637E,E3471C6F3BFAACD51B31ED11,5613708432E9F39FFCE5FEB1,B2925646534FB40F93A444BE,034C1AE3F19B9072B4BA709E,CDAA09C00A9793CB1496BA2B,C6FAC9CCC3FB712DB8B57CA7,98C73A41C7808B70FFFE2347,E61FF7A4B1D56957859838F2,8746F97A7784432FD65D7CA9,366F7C7683288A7D703B8390,18E93383257893CA027A7A47,); sourceTree = "<group>"; };
    6B24C37FA8C0EB675FCB35AE = { isa = PBXGroup; name = Frameworks; children = (81AE551F79F6A13E6AE83795,262C8C05FDDC63C7230E2FF5,4F273294578AB4A7FAD91767,361B66CEBED668DB5F954FC5,3F60066F80CC36B3221DECD9,13B978192E0706225689319F,BED837A7ED5077EFE2E53E94,E093489339CC4474670A7D3B,94B665B3A5EE628CAA312795,BC15457CCD89C7B6A823DC00,6D5E416DFB905C262A4CC2D0,C04CD4B42C34C6EF2096D340,D08DBF7CCDE22B7B0132B767,B6EF07115C669628D72715A5,408C3E244F58E93C95827656,EE800E1FE441B21BE571DB12,1DE2B9C052E0B0516235CD3C,DED7295A508F88AD4E04CCF5,83A08B5ED011CBCE062AFEB5,EF4FF342C28ECF1B81000360,); sourceTree = "<group>"; };
    1EE63A94BAD0DF0FCB0E7B8C = { isa = PBXGroup; name = Products; children = (38A007151ABE87CC01A5B6E9,); sourceTree = "<group>"; };
    325F10A6957A34D66CB8C0E4 = { isa = PBXGroup; children = (CA2AA052C1CC55872A3718D1,2E7D460B9B38E2552AC6350E,6B24C37FA8C0EB675FCB35AE,779A56CB45FF6FA817AB9B9F,D742F0C53D7F7AEB7EFC993E,8E998837E3A71379A9FBA952,1EE63A94BAD0DF0FCB0E7B8C,); sourceTree = "<group>"; };
    BCE16DD0260827ECF338C787 = { isa = PBXSourcesBuildPhase; buildActionMask = 2147483647; files = (37A29F9EA489388A395237B8,CFEFB06E5594FDFD72926964,E21E5C15F4D1893C93D4A5FF,3F858D5B41096CB4C6813B9D,); runOnlyForDeploymentPostprocessing = 0; };
    4F0AA52D656A3D75867F784B = { isa = PBXFrameworksBuildPhase; buildActionMask = 2147483647; files = (0B5AE66A61874B2668A4ED4C,85535D3724446DBCE771D25F,F585A82DBE2A8806EE716C4A,); runOnlyForDeploymentPostprocessing = 0; };
    0189424A5A60FED329FA868E = { isa = PBXResourcesBuildPhase; buildActionMask = 2147483647; files = (607760FE892D72506A2D4341,8E9319830581B7C89393B96F,); runOnlyForDeploymentPostprocessing = 0; };
    CFFF27C96089B93150F3553B = { isa = PBXCopyFilesBuildPhase; buildActionMask = 2147483647; dstPath = ""; dstSubfolderSpec = 10; files = (61885C11481F2F74B3D419FC,99E1B6D178FABFD156520DD1,2311AB1A978D1FBF1F26367E,F09FE71F666EB894613DC080,02814EE20EFC90E62DA060E3,DE2C53FAB91E3A792F3FC4D1,C3D4DD0BAC2200849F66A93E,128744B516862A474F64E64E,E7FCF16F6B6880991E523854,902CEA69D4027D3CC3D084E3,7F2CB74105FA16F2672852EB,FC460C5517A160E6684D120A,0A7AFEB915ABAB8AB77D85A1,8DD2FBEF7C4EB07A35F1DFBA,4B5FB3B832B1FDAA52AB3997,A35ADD192E581809509B9C4D,64BC744AAB073E000BD06496,1C88CDA013E141B476C2E0BA,); name = "Embed Frameworks"; runOnlyForDeploymentPostprocessing = 0; };
    89E1FD6268CC0F221A2BE178 = { isa = XCBuildConfiguration; buildSettings = { CLANG_ENABLE_OBJC_ARC = YES; CLANG_ENABLE_MODULES = YES; }; name = Debug; };
    E6DE6C99132752C914FEF632 = { isa = XCBuildConfiguration; buildSettings = { CLANG_ENABLE_OBJC_ARC = YES; CLANG_ENABLE_MODULES = YES; }; name = Release; };
    862894B703A6DEDF96A9DD6C = { isa = XCConfigurationList; buildConfigurations = (89E1FD6268CC0F221A2BE178,E6DE6C99132752C914FEF632,); defaultConfigurationIsVisible = 0; defaultConfigurationName = Debug; };
    7082CC0B6FC1282FCEABD07A = { isa = XCBuildConfiguration; baseConfigurationReference = 779A56CB45FF6FA817AB9B9F; buildSettings = { GCC_OPTIMIZATION_LEVEL = 0; }; name = Debug; };
    639A7CA24D39909E713B47F7 = { isa = XCBuildConfiguration; baseConfigurationReference = 779A56CB45FF6FA817AB9B9F; buildSettings = { GCC_OPTIMIZATION_LEVEL = s; }; name = Release; };
    C57128001CE614BF8549D6BB = { isa = XCConfigurationList; buildConfigurations = (7082CC0B6FC1282FCEABD07A,639A7CA24D39909E713B47F7,); defaultConfigurationIsVisible = 0; defaultConfigurationName = Debug; };
    0E8A3AD980EC179856012B7E = { isa = PBXNativeTarget; buildConfigurationList = C57128001CE614BF8549D6BB; buildPhases = (BCE16DD0260827ECF338C787,4F0AA52D656A3D75867F784B,0189424A5A60FED329FA868E,CFFF27C96089B93150F3553B,); buildRules = (); dependencies = (); name = SnowRunner; productName = SnowRunner; productReference = 38A007151ABE87CC01A5B6E9; productType = "com.apple.product-type.application"; };
    98F54143AB4E86B28C3AFEE0 = { isa = PBXProject; attributes = { LastUpgradeCheck = 2700; }; buildConfigurationList = 862894B703A6DEDF96A9DD6C; compatibilityVersion = "Xcode 14.0"; developmentRegion = en; hasScannedForEncodings = 0; knownRegions = (en,Base,); mainGroup = 325F10A6957A34D66CB8C0E4; productRefGroup = 1EE63A94BAD0DF0FCB0E7B8C; projectDirPath = ""; projectRoot = ""; targets = (0E8A3AD980EC179856012B7E,); };
  };
  rootObject = 98F54143AB4E86B28C3AFEE0;
}
